{
  "nodes": {
    "agenix": {
      "inputs": {
        "darwin": "darwin",
        "home-manager": [
          "home-manager"
        ],
        "nixpkgs": [
          "nixpkgs"
        ],
        "systems": "systems"
      },
      "locked": {
        "lastModified": 1770165109,
        "narHash": "sha256-9VnK6Oqai65puVJ4WYtCTvlJeXxMzAp/69HhQuTdl/I=",
        "owner": "ryantm",
        "repo": "agenix",
        "rev": "b027ee29d959fda4b60b57566d64c98a202e0feb",
        "type": "github"
      },
      "original": {
        "owner": "ryantm",
        "repo": "agenix",
        "type": "github"
      }
    },
    "antares-monitor": {
      "inputs": {
        "nixpkgs": [
          "nixpkgs"
        ],
        "pyproject-build-systems": [
          "pyproject-build-systems"
        ],
        "pyproject-nix": [
          "pyproject-nix"
        ],
        "uv2nix": [
          "uv2nix"
        ]
      },
      "locked": {
        "lastModified": 1784912278,
        "narHash": "sha256-75av5+NFcQd42YaIbnfUNv0k0xTuJAVNoykattlWw2I=",
        "owner": "antares0982",
        "repo": "telegram-output-monitor-bot",
        "rev": "a3c424668d2a7e059382d2c7948fc08ba4d8011d",
        "type": "github"
      },
      "original": {
        "owner": "antares0982",
        "repo": "telegram-output-monitor-bot",
        "type": "github"
      }
    },
    "antares-rpc-client": {
      "inputs": {
        "nixpkgs": [
          "nixpkgs"
        ]
      },
      "locked": {
        "lastModified": 1788085950,
        "narHash": "sha256-H7DAi+hm4TgoKAdy9v0QNNcOD1lJxv+ZJ/eHsIG/f7Q=",
        "owner": "antares0982",
        "repo": "antares-rpc-client",
        "rev": "210a364b30f39627b79632680a922b06ee49c2ea",
        "type": "github"
      },
      "original": {
        "owner": "antares0982",
        "repo": "antares-rpc-client",
        "type": "github"
      }
    },
    "darwin": {
      "inputs": {
        "nixpkgs": [
          "agenix",
          "nixpkgs"
        ]
      },
      "locked": {
        "lastModified": 1744478979,
        "narHash": "sha256-dyN+teG9G82G+m+PX/aSAagkC+vUv0SgUw3XkPhQodQ=",
        "owner": "lnl7",
        "repo": "nix-darwin",
        "rev": "43975d782b418ebf4969e9ccba82466728c2851b",
        "type": "github"
      },
      "original": {
        "owner": "lnl7",
        "ref": "master",
        "repo": "nix-darwin",
        "type": "github"
      }
    },
    "devshell": {
      "inputs": {
        "nixpkgs": [
          "linyinfeng-nur",
          "nixpkgs"
        ]
      },
      "locked": {
        "lastModified": 1768818222,
        "narHash": "sha256-460jc0+CZfyaO8+w8JNtlClB2n4ui1RbHfPTLkpwhU8=",
        "owner": "numtide",
        "repo": "devshell",
        "rev": "255a2b1725a20d060f566e4755dbf571bbbb5f76",
        "type": "github"
      },
      "original": {
        "owner": "numtide",
        "repo": "devshell",
        "type": "github"
      }
    },
    "flake-compat": {
      "locked": {
        "lastModified": 1767039857,
        "narHash": "sha256-vNpUSpF5Nuw8xvDLj2KCwwksIbjua2LZCqhV1LNRDns=",
        "owner": "edolstra",
        "repo": "flake-compat",
        "rev": "5edf11c44bc78a0d334f6334cdaf7d60d732daab",
        "type": "github"
      },
      "original": {
        "owner": "edolstra",
        "repo": "flake-compat",
        "type": "github"
      }
    },
    "flake-parts": {
      "inputs": {
        "nixpkgs-lib": [
          "nixpkgs"
        ]
      },
      "locked": {
        "lastModified": 1787559586,
        "narHash": "sha256-onL0VLf9vPllmT0H/OlURIU5r5t5WIEl7t4tVNKT0Nw=",
        "owner": "hercules-ci",
        "repo": "flake-parts",
        "rev": "9d0d87172c374f89da73c1cfe6d81ae62feac1f1",
        "type": "github"
      },
      "original": {
        "owner": "hercules-ci",
        "repo": "flake-parts",
        "type": "github"
      }
    },
    "flake-utils": {
      "inputs": {
        "systems": "systems_2"
      },
      "locked": {
        "lastModified": 1731533236,
        "narHash": "sha256-l0KFg5HjrsfsO/JpG+r7fRrqm12kzFHyUHqHCVpMMbI=",
        "owner": "numtide",
        "repo": "flake-utils",
        "rev": "11707dc2f618dd54ca8739b309ec4fc024de578b",
        "type": "github"
      },
      "original": {
        "owner": "numtide",
        "repo": "flake-utils",
        "type": "github"
      }
    },
    "home-manager": {
      "inputs": {
        "nixpkgs": [
          "nixpkgs"
        ]
      },
      "locked": {
        "lastModified": 1788229478,
        "narHash": "sha256-G0F2rFORVcFkEvVdE/qWQTnYekIc77YP5/vRF9nZlxU=",
        "owner": "nix-community",
        "repo": "home-manager",
        "rev": "1dc2d1f720ab17fc7981e087346bf54b26d284b1",
        "type": "github"
      },
      "original": {
        "owner": "nix-community",
        "ref": "master",
        "repo": "home-manager",
        "type": "github"
      }
    },
    "linyinfeng-nur": {
      "inputs": {
        "devshell": "devshell",
        "flake-compat": [
          "flake-compat"
        ],
        "flake-parts": [
          "flake-parts"
        ],
        "flake-utils": [
          "flake-utils"
        ],
        "nix-github-actions": "nix-github-actions",
        "nixos-stable": [
          "nixpkgs-old"
        ],
        "nixpkgs": [
          "nixpkgs"
        ],
        "nvfetcher": "nvfetcher",
        "treefmt-nix": "treefmt-nix"
      },
      "locked": {
        "lastModified": 1788216349,
        "narHash": "sha256-MIacgwoyNQHXkFFDNB7ljugvyWMuSHrQyyRugU1SjIY=",
        "owner": "linyinfeng",
        "repo": "nur-packages",
        "rev": "cf51097a858cd6b881e546e6c5d340494123e381",
        "type": "github"
      },
      "original": {
        "owner": "linyinfeng",
        "repo": "nur-packages",
        "type": "github"
      }
    },
    "myXray": {
      "inputs": {
        "nixpkgs": [
          "nixpkgs-old"
        ]
      },
      "locked": {
        "lastModified": 1788273617,
        "narHash": "sha256-Vs+XpcAB+giTm05FA7tGhUmYpRLCAXr5FmLCW4qD4qI=",
        "owner": "Antares0982",
        "repo": "rules-dat-xray-flake",
        "rev": "9d8016a961d26c4c24dfaab5cba3fadfb56ab0f5",
        "type": "github"
      },
      "original": {
        "owner": "Antares0982",
        "repo": "rules-dat-xray-flake",
        "type": "github"
      }
    },
    "nix-github-actions": {
      "inputs": {
        "nixpkgs": [
          "linyinfeng-nur",
          "nixpkgs"
        ]
      },
      "locked": {
        "lastModified": 1737420293,
        "narHash": "sha256-F1G5ifvqTpJq7fdkT34e/Jy9VCyzd5XfJ9TO8fHhJWE=",
        "owner": "nix-community",
        "repo": "nix-github-actions",
        "rev": "f4158fa080ef4503c8f4c820967d946c2af31ec9",
        "type": "github"
      },
      "original": {
        "owner": "nix-community",
        "repo": "nix-github-actions",
        "type": "github"
      }
    },
    "nixpkgs": {
      "locked": {
        "lastModified": 1788179007,
        "narHash": "sha256-hn1oU2rue2SYK8dAr8+WNZWtbsz1S2W5mnHlSEuh3bo=",
        "owner": "NixOS",
        "repo": "nixpkgs",
        "rev": "34ab99075ac4f7e40cf037eef32cb1c360bb85e9",
        "type": "github"
      },
      "original": {
        "owner": "NixOS",
        "ref": "nixos-unstable",
        "repo": "nixpkgs",
        "type": "github"
      }
    },
    "nixpkgs-old": {
      "locked": {
        "lastModified": 1788187754,
        "narHash": "sha256-bu1QxmXKmPuvBLN7bHP355OV9Qo13x9WCiRDH62CqRM=",
        "owner": "NixOS",
        "repo": "nixpkgs",
        "rev": "5dfba6236110080a54247d6460bc2ff5dda939cc",
        "type": "github"
      },
      "original": {
        "owner": "NixOS",
        "ref": "nixos-26.05",
        "repo": "nixpkgs",
        "type": "github"
      }
    },
    "nvfetcher": {
      "inputs": {
        "flake-compat": [
          "linyinfeng-nur",
          "flake-compat"
        ],
        "flake-utils": [
          "linyinfeng-nur",
          "flake-utils"
        ],
        "nixpkgs": [
          "linyinfeng-nur",
          "nixpkgs"
        ]
      },
      "locked": {
        "lastModified": 1773379327,
        "narHash": "sha256-Bj1ZaZVKTGyTOwwkp7TvAG0wxK9AAn717G/C8HnKFQM=",
        "owner": "berberman",
        "repo": "nvfetcher",
        "rev": "e41af9779ea14adf1d8c3edb075713c2668d45b9",
        "type": "github"
      },
      "original": {
        "owner": "berberman",
        "repo": "nvfetcher",
        "type": "github"
      }
    },
    "pull-all": {
      "inputs": {
        "nixpkgs": [
          "nixpkgs"
        ]
      },
      "locked": {
        "lastModified": 1768652585,
        "narHash": "sha256-mEG65eL6BLdxzBmD3izk0XWMGYTrc3ANYOevZOaDXmg=",
        "owner": "Antares0982",
        "repo": "pull-all",
        "rev": "1856fefcfd9f672f05fad96547429e0a222ea35e",
        "type": "github"
      },
      "original": {
        "owner": "Antares0982",
        "repo": "pull-all",
        "type": "github"
      }
    },
    "pyproject-build-systems": {
      "inputs": {
        "nixpkgs": [
          "nixpkgs"
        ],
        "pyproject-nix": [
          "pyproject-nix"
        ],
        "uv2nix": [
          "uv2nix"
        ]
      },
      "locked": {
        "lastModified": 1788149501,
        "narHash": "sha256-XKJP4KvhawV3pyVfraX3sflz05Rp7KP74gRt6QqKjNE=",
        "owner": "pyproject-nix",
        "repo": "build-system-pkgs",
        "rev": "150839ac67b5a34db56a55e8f6b7099a4e7878ab",
        "type": "github"
      },
      "original": {
        "owner": "pyproject-nix",
        "repo": "build-system-pkgs",
        "type": "github"
      }
    },
    "pyproject-nix": {
      "inputs": {
        "nixpkgs": [
          "nixpkgs"
        ]
      },
      "locked": {
        "lastModified": 1786031528,
        "narHash": "sha256-cROiHKO3UbIKqF5FG5NikvydzlfIj4EcR1Cty9qOVt4=",
        "owner": "pyproject-nix",
        "repo": "pyproject.nix",
        "rev": "1b1485546d85f6f6c7aadb10c4923dbc09633263",
        "type": "github"
      },
      "original": {
        "owner": "pyproject-nix",
        "repo": "pyproject.nix",
        "type": "github"
      }
    },
    "renewal": {
      "inputs": {
        "nixpkgs": [
          "nixpkgs"
        ]
      },
      "locked": {
        "lastModified": 1784913649,
        "narHash": "sha256-CT1z0F7bP+jwQTEmGxuKM3JU0MCBSZMkB7HvkchBFUw=",
        "owner": "Antares0982",
        "repo": "renewal",
        "rev": "309f00642ef1f1b6e84033aa0417f265ee3cc543",
        "type": "github"
      },
      "original": {
        "owner": "Antares0982",
        "repo": "renewal",
        "type": "github"
      }
    },
    "root": {
      "inputs": {
        "agenix": "agenix",
        "antares-monitor": "antares-monitor",
        "antares-rpc-client": "antares-rpc-client",
        "flake-compat": "flake-compat",
        "flake-parts": "flake-parts",
        "flake-utils": "flake-utils",
        "home-manager": "home-manager",
        "linyinfeng-nur": "linyinfeng-nur",
        "myXray": "myXray",
        "nixpkgs": "nixpkgs",
        "nixpkgs-old": "nixpkgs-old",
        "pull-all": "pull-all",
        "pyproject-build-systems": "pyproject-build-systems",
        "pyproject-nix": "pyproject-nix",
        "renewal": "renewal",
        "rust-overlay": "rust-overlay",
        "uv2nix": "uv2nix"
      }
    },
    "rust-overlay": {
      "inputs": {
        "nixpkgs": [
          "nixpkgs"
        ]
      },
      "locked": {
        "lastModified": 1788248235,
        "narHash": "sha256-siCQqLbY7AbZ9V3oyc65K8bhNr7QgZTXoqLTws3pv0s=",
        "owner": "oxalica",
        "repo": "rust-overlay",
        "rev": "6a84c41e705533dcc5569ac0731f18406b4cdf86",
        "type": "github"
      },
      "original": {
        "owner": "oxalica",
        "repo": "rust-overlay",
        "type": "github"
      }
    },
    "systems": {
      "locked": {
        "lastModified": 1681028828,
        "narHash": "sha256-Vy1rq5AaRuLzOxct8nz4T6wlgyUR7zLU309k9mBC768=",
        "owner": "nix-systems",
        "repo": "default",
        "rev": "da67096a3b9bf56a91d16901293e51ba5b49a27e",
        "type": "github"
      },
      "original": {
        "owner": "nix-systems",
        "repo": "default",
        "type": "github"
      }
    },
    "systems_2": {
      "locked": {
        "lastModified": 1681028828,
        "narHash": "sha256-Vy1rq5AaRuLzOxct8nz4T6wlgyUR7zLU309k9mBC768=",
        "owner": "nix-systems",
        "repo": "default",
        "rev": "da67096a3b9bf56a91d16901293e51ba5b49a27e",
        "type": "github"
      },
      "original": {
        "owner": "nix-systems",
        "repo": "default",
        "type": "github"
      }
    },
    "treefmt-nix": {
      "inputs": {
        "nixpkgs": [
          "linyinfeng-nur",
          "nixpkgs"
        ]
      },
      "locked": {
        "lastModified": 1786901030,
        "narHash": "sha256-WSFCsDSE5ffgD2MqzkM2CYjeFiKhRF/dJUN8uedb6YE=",
        "owner": "numtide",
        "repo": "treefmt-nix",
        "rev": "27b3b12a8e6375f28ebe122f07d230ca5459bbfa",
        "type": "github"
      },
      "original": {
        "owner": "numtide",
        "repo": "treefmt-nix",
        "type": "github"
      }
    },
    "uv2nix": {
      "inputs": {
        "nixpkgs": [
          "nixpkgs"
        ],
        "pyproject-nix": [
          "pyproject-nix"
        ]
      },
      "locked": {
        "lastModified": 1788001239,
        "narHash": "sha256-AELmsXPI546MhbC/ZXC7WRUkCz7d4rqKTHUmliIgPpI=",
        "owner": "pyproject-nix",
        "repo": "uv2nix",
        "rev": "7f9c6b613d2e749e54854b1d60ab6a2192db889e",
        "type": "github"
      },
      "original": {
        "owner": "pyproject-nix",
        "repo": "uv2nix",
        "type": "github"
      }
    }
  },
  "root": "root",
  "version": 7
}
