{
  "nodes": {
    "agenix": {
      "inputs": {
        "darwin": "darwin",
        "home-manager": [
          "home-manager"
        ],
        "nixpkgs": [
          "nixpkgs"
        ],
        "systems": "systems"
      },
      "locked": {
        "lastModified": 1770165109,
        "narHash": "sha256-9VnK6Oqai65puVJ4WYtCTvlJeXxMzAp/69HhQuTdl/I=",
        "owner": "ryantm",
        "repo": "agenix",
        "rev": "b027ee29d959fda4b60b57566d64c98a202e0feb",
        "type": "github"
      },
      "original": {
        "owner": "ryantm",
        "repo": "agenix",
        "type": "github"
      }
    },
    "antares-monitor": {
      "inputs": {
        "nixpkgs": [
          "nixpkgs"
        ],
        "pyproject-build-systems": [
          "pyproject-build-systems"
        ],
        "pyproject-nix": [
          "pyproject-nix"
        ],
        "uv2nix": [
          "uv2nix"
        ]
      },
      "locked": {
        "lastModified": 1784912278,
        "narHash": "sha256-75av5+NFcQd42YaIbnfUNv0k0xTuJAVNoykattlWw2I=",
        "owner": "antares0982",
        "repo": "telegram-output-monitor-bot",
        "rev": "a3c424668d2a7e059382d2c7948fc08ba4d8011d",
        "type": "github"
      },
      "original": {
        "owner": "antares0982",
        "repo": "telegram-output-monitor-bot",
        "type": "github"
      }
    },
    "antares-rpc-client": {
      "inputs": {
        "nixpkgs": [
          "nixpkgs"
        ]
      },
      "locked": {
        "lastModified": 1788085950,
        "narHash": "sha256-H7DAi+hm4TgoKAdy9v0QNNcOD1lJxv+ZJ/eHsIG/f7Q=",
        "owner": "antares0982",
        "repo": "antares-rpc-client",
        "rev": "210a364b30f39627b79632680a922b06ee49c2ea",
        "type": "github"
      },
      "original": {
        "owner": "antares0982",
        "repo": "antares-rpc-client",
        "type": "github"
      }
    },
    "darwin": {
      "inputs": {
        "nixpkgs": [
          "agenix",
          "nixpkgs"
        ]
      },
      "locked": {
        "lastModified": 1744478979,
        "narHash": "sha256-dyN+teG9G82G+m+PX/aSAagkC+vUv0SgUw3XkPhQodQ=",
        "owner": "lnl7",
        "repo": "nix-darwin",
        "rev": "43975d782b418ebf4969e9ccba82466728c2851b",
        "type": "github"
      },
      "original": {
        "owner": "lnl7",
        "ref": "master",
        "repo": "nix-darwin",
        "type": "github"
      }
    },
    "devshell": {
      "inputs": {
        "nixpkgs": [
          "linyinfeng-nur",
          "nixpkgs"
        ]
      },
      "locked": {
        "lastModified": 1788342953,
        "narHash": "sha256-EWkNM4JzBhZ/Yn1PG6lP4/QJuFAFeHYlY5gVxXu940Y=",
        "owner": "numtide",
        "repo": "devshell",
        "rev": "a67c0f87b63bcbdbdcb56785bec0205a2e3d6026",
        "type": "github"
      },
      "original": {
        "owner": "numtide",
        "repo": "devshell",
        "type": "github"
      }
    },
    "flake-compat": {
      "locked": {
        "lastModified": 1767039857,
        "narHash": "sha256-vNpUSpF5Nuw8xvDLj2KCwwksIbjua2LZCqhV1LNRDns=",
        "owner": "edolstra",
        "repo": "flake-compat",
        "rev": "5edf11c44bc78a0d334f6334cdaf7d60d732daab",
        "type": "github"
      },
      "original": {
        "owner": "edolstra",
        "repo": "flake-compat",
        "type": "github"
      }
    },
    "flake-parts": {
      "inputs": {
        "nixpkgs-lib": [
          "nixpkgs"
        ]
      },
      "locked": {
        "lastModified": 1788450739,
        "narHash": "sha256-glZLQlzIn1fXH6PazR2iUmTo7kzzyYSshrWhLS9TqCU=",
        "owner": "hercules-ci",
        "repo": "flake-parts",
        "rev": "31729ca8cbdb4fa927b34e5f4353e6a83f39e993",
        "type": "github"
      },
      "original": {
        "owner": "hercules-ci",
        "repo": "flake-parts",
        "type": "github"
      }
    },
    "flake-utils": {
      "inputs": {
        "systems": "systems_2"
      },
      "locked": {
        "lastModified": 1731533236,
        "narHash": "sha256-l0KFg5HjrsfsO/JpG+r7fRrqm12kzFHyUHqHCVpMMbI=",
        "owner": "numtide",
        "repo": "flake-utils",
        "rev": "11707dc2f618dd54ca8739b309ec4fc024de578b",
        "type": "github"
      },
      "original": {
        "owner": "numtide",
        "repo": "flake-utils",
        "type": "github"
      }
    },
    "home-manager": {
      "inputs": {
        "nixpkgs": [
          "nixpkgs"
        ]
      },
      "locked": {
        "lastModified": 1789136855,
        "narHash": "sha256-82D7ADWE8erhfALj3dqxAOeQaoa+Bwlsdcp9v2m/ExM=",
        "owner": "nix-community",
        "repo": "home-manager",
        "rev": "d0fd95e15e0c3baf565a9fd4bc352321e2564ea3",
        "type": "github"
      },
      "original": {
        "owner": "nix-community",
        "ref": "master",
        "repo": "home-manager",
        "type": "github"
      }
    },
    "linyinfeng-nur": {
      "inputs": {
        "devshell": "devshell",
        "flake-compat": [
          "flake-compat"
        ],
        "flake-parts": [
          "flake-parts"
        ],
        "flake-utils": [
          "flake-utils"
        ],
        "nix-github-actions": "nix-github-actions",
        "nixos-stable": [
          "nixpkgs-old"
        ],
        "nixpkgs": [
          "nixpkgs"
        ],
        "nvfetcher": "nvfetcher",
        "treefmt-nix": "treefmt-nix"
      },
      "locked": {
        "lastModified": 1789124087,
        "narHash": "sha256-/fs00RsUQ4ApMqDsX/27CZF8+eMBbexOMo07S5spUb4=",
        "owner": "linyinfeng",
        "repo": "nur-packages",
        "rev": "19a6620fd76e17dad128ffa173624120c89cc34e",
        "type": "github"
      },
      "original": {
        "owner": "linyinfeng",
        "repo": "nur-packages",
        "type": "github"
      }
    },
    "myXray": {
      "inputs": {
        "nixpkgs": [
          "nixpkgs-old"
        ]
      },
      "locked": {
        "lastModified": 1789135884,
        "narHash": "sha256-HDqWE+qacEIPH4+iP6kKancnjpNpuqSwXw3dPSQxUrw=",
        "owner": "Antares0982",
        "repo": "rules-dat-xray-flake",
        "rev": "4eae7e1c2138d17d05ed61e159fa3db52f812dc8",
        "type": "github"
      },
      "original": {
        "owner": "Antares0982",
        "repo": "rules-dat-xray-flake",
        "type": "github"
      }
    },
    "nix-github-actions": {
      "inputs": {
        "nixpkgs": [
          "linyinfeng-nur",
          "nixpkgs"
        ]
      },
      "locked": {
        "lastModified": 1737420293,
        "narHash": "sha256-F1G5ifvqTpJq7fdkT34e/Jy9VCyzd5XfJ9TO8fHhJWE=",
        "owner": "nix-community",
        "repo": "nix-github-actions",
        "rev": "f4158fa080ef4503c8f4c820967d946c2af31ec9",
        "type": "github"
      },
      "original": {
        "owner": "nix-community",
        "repo": "nix-github-actions",
        "type": "github"
      }
    },
    "nixpkgs": {
      "locked": {
        "lastModified": 1789006805,
        "narHash": "sha256-xB8mKMOx1IA9vTDNLmJZ6n4wCMq/cuWBBOzGCRnqxrU=",
        "owner": "NixOS",
        "repo": "nixpkgs",
        "rev": "8ce4ef6cb6f871616146b9fe26d2a5ae594e94fe",
        "type": "github"
      },
      "original": {
        "owner": "NixOS",
        "ref": "nixos-unstable",
        "repo": "nixpkgs",
        "type": "github"
      }
    },
    "nixpkgs-old": {
      "locked": {
        "lastModified": 1789009968,
        "narHash": "sha256-GB16oaxpsrnGNnGIE+0uYBqMRzB9X6FYDUvjvnJAYew=",
        "owner": "NixOS",
        "repo": "nixpkgs",
        "rev": "d58a46e3bc02d91ebe04667f8397752a749c0024",
        "type": "github"
      },
      "original": {
        "owner": "NixOS",
        "ref": "nixos-26.05",
        "repo": "nixpkgs",
        "type": "github"
      }
    },
    "nvfetcher": {
      "inputs": {
        "flake-compat": [
          "linyinfeng-nur",
          "flake-compat"
        ],
        "flake-utils": [
          "linyinfeng-nur",
          "flake-utils"
        ],
        "nixpkgs": [
          "linyinfeng-nur",
          "nixpkgs"
        ]
      },
      "locked": {
        "lastModified": 1773379327,
        "narHash": "sha256-Bj1ZaZVKTGyTOwwkp7TvAG0wxK9AAn717G/C8HnKFQM=",
        "owner": "berberman",
        "repo": "nvfetcher",
        "rev": "e41af9779ea14adf1d8c3edb075713c2668d45b9",
        "type": "github"
      },
      "original": {
        "owner": "berberman",
        "repo": "nvfetcher",
        "type": "github"
      }
    },
    "pull-all": {
      "inputs": {
        "nixpkgs": [
          "nixpkgs"
        ]
      },
      "locked": {
        "lastModified": 1768652585,
        "narHash": "sha256-mEG65eL6BLdxzBmD3izk0XWMGYTrc3ANYOevZOaDXmg=",
        "owner": "Antares0982",
        "repo": "pull-all",
        "rev": "1856fefcfd9f672f05fad96547429e0a222ea35e",
        "type": "github"
      },
      "original": {
        "owner": "Antares0982",
        "repo": "pull-all",
        "type": "github"
      }
    },
    "pyproject-build-systems": {
      "inputs": {
        "nixpkgs": [
          "nixpkgs"
        ],
        "pyproject-nix": [
          "pyproject-nix"
        ],
        "uv2nix": [
          "uv2nix"
        ]
      },
      "locked": {
        "lastModified": 1788149501,
        "narHash": "sha256-XKJP4KvhawV3pyVfraX3sflz05Rp7KP74gRt6QqKjNE=",
        "owner": "pyproject-nix",
        "repo": "build-system-pkgs",
        "rev": "150839ac67b5a34db56a55e8f6b7099a4e7878ab",
        "type": "github"
      },
      "original": {
        "owner": "pyproject-nix",
        "repo": "build-system-pkgs",
        "type": "github"
      }
    },
    "pyproject-nix": {
      "inputs": {
        "nixpkgs": [
          "nixpkgs"
        ]
      },
      "locked": {
        "lastModified": 1788394333,
        "narHash": "sha256-xYOP0Xym1eVGUaHFx+eJEaycFGoiCbst3fZf0xFHP78=",
        "owner": "pyproject-nix",
        "repo": "pyproject.nix",
        "rev": "6a8a7881d75b6f98967e7b8069f4ead331384301",
        "type": "github"
      },
      "original": {
        "owner": "pyproject-nix",
        "repo": "pyproject.nix",
        "type": "github"
      }
    },
    "renewal": {
      "inputs": {
        "nixpkgs": [
          "nixpkgs"
        ]
      },
      "locked": {
        "lastModified": 1789049135,
        "narHash": "sha256-tQw9JyVngiCOJJ70/VfwiQJG0PGY848ShNTItrO2Iog=",
        "owner": "Antares0982",
        "repo": "renewal",
        "rev": "549656b38e24892c589aadb03c6f351d8834e7ed",
        "type": "github"
      },
      "original": {
        "owner": "Antares0982",
        "repo": "renewal",
        "type": "github"
      }
    },
    "root": {
      "inputs": {
        "agenix": "agenix",
        "antares-monitor": "antares-monitor",
        "antares-rpc-client": "antares-rpc-client",
        "flake-compat": "flake-compat",
        "flake-parts": "flake-parts",
        "flake-utils": "flake-utils",
        "home-manager": "home-manager",
        "linyinfeng-nur": "linyinfeng-nur",
        "myXray": "myXray",
        "nixpkgs": "nixpkgs",
        "nixpkgs-old": "nixpkgs-old",
        "pull-all": "pull-all",
        "pyproject-build-systems": "pyproject-build-systems",
        "pyproject-nix": "pyproject-nix",
        "renewal": "renewal",
        "rust-overlay": "rust-overlay",
        "uv2nix": "uv2nix"
      }
    },
    "rust-overlay": {
      "inputs": {
        "nixpkgs": [
          "nixpkgs"
        ]
      },
      "locked": {
        "lastModified": 1789110695,
        "narHash": "sha256-llh6ZJN8/G4QCED9m6nHEfWhz2ONOzkKyvWHivNqW7A=",
        "owner": "oxalica",
        "repo": "rust-overlay",
        "rev": "ab777f900c3de943e117eb4814ddff6f645b28ad",
        "type": "github"
      },
      "original": {
        "owner": "oxalica",
        "repo": "rust-overlay",
        "type": "github"
      }
    },
    "systems": {
      "locked": {
        "lastModified": 1681028828,
        "narHash": "sha256-Vy1rq5AaRuLzOxct8nz4T6wlgyUR7zLU309k9mBC768=",
        "owner": "nix-systems",
        "repo": "default",
        "rev": "da67096a3b9bf56a91d16901293e51ba5b49a27e",
        "type": "github"
      },
      "original": {
        "owner": "nix-systems",
        "repo": "default",
        "type": "github"
      }
    },
    "systems_2": {
      "locked": {
        "lastModified": 1681028828,
        "narHash": "sha256-Vy1rq5AaRuLzOxct8nz4T6wlgyUR7zLU309k9mBC768=",
        "owner": "nix-systems",
        "repo": "default",
        "rev": "da67096a3b9bf56a91d16901293e51ba5b49a27e",
        "type": "github"
      },
      "original": {
        "owner": "nix-systems",
        "repo": "default",
        "type": "github"
      }
    },
    "treefmt-nix": {
      "inputs": {
        "nixpkgs": [
          "linyinfeng-nur",
          "nixpkgs"
        ]
      },
      "locked": {
        "lastModified": 1786901030,
        "narHash": "sha256-WSFCsDSE5ffgD2MqzkM2CYjeFiKhRF/dJUN8uedb6YE=",
        "owner": "numtide",
        "repo": "treefmt-nix",
        "rev": "27b3b12a8e6375f28ebe122f07d230ca5459bbfa",
        "type": "github"
      },
      "original": {
        "owner": "numtide",
        "repo": "treefmt-nix",
        "type": "github"
      }
    },
    "uv2nix": {
      "inputs": {
        "nixpkgs": [
          "nixpkgs"
        ],
        "pyproject-nix": [
          "pyproject-nix"
        ]
      },
      "locked": {
        "lastModified": 1788001239,
        "narHash": "sha256-AELmsXPI546MhbC/ZXC7WRUkCz7d4rqKTHUmliIgPpI=",
        "owner": "pyproject-nix",
        "repo": "uv2nix",
        "rev": "7f9c6b613d2e749e54854b1d60ab6a2192db889e",
        "type": "github"
      },
      "original": {
        "owner": "pyproject-nix",
        "repo": "uv2nix",
        "type": "github"
      }
    }
  },
  "root": "root",
  "version": 7
}
