{
  "nodes": {
    "agenix": {
      "inputs": {
        "darwin": "darwin",
        "home-manager": [
          "home-manager"
        ],
        "nixpkgs": [
          "nixpkgs"
        ],
        "systems": "systems"
      },
      "locked": {
        "lastModified": 1770165109,
        "narHash": "sha256-9VnK6Oqai65puVJ4WYtCTvlJeXxMzAp/69HhQuTdl/I=",
        "owner": "ryantm",
        "repo": "agenix",
        "rev": "b027ee29d959fda4b60b57566d64c98a202e0feb",
        "type": "github"
      },
      "original": {
        "owner": "ryantm",
        "repo": "agenix",
        "type": "github"
      }
    },
    "antares-monitor": {
      "inputs": {
        "nixpkgs": [
          "nixpkgs"
        ],
        "pyproject-build-systems": [
          "pyproject-build-systems"
        ],
        "pyproject-nix": [
          "pyproject-nix"
        ],
        "uv2nix": [
          "uv2nix"
        ]
      },
      "locked": {
        "lastModified": 1784912278,
        "narHash": "sha256-75av5+NFcQd42YaIbnfUNv0k0xTuJAVNoykattlWw2I=",
        "owner": "antares0982",
        "repo": "telegram-output-monitor-bot",
        "rev": "a3c424668d2a7e059382d2c7948fc08ba4d8011d",
        "type": "github"
      },
      "original": {
        "owner": "antares0982",
        "repo": "telegram-output-monitor-bot",
        "type": "github"
      }
    },
    "antares-rpc-client": {
      "inputs": {
        "nixpkgs": [
          "nixpkgs"
        ]
      },
      "locked": {
        "lastModified": 1772114409,
        "narHash": "sha256-F+3QggC8YAj6+gotPpmM+GdOWtJY+4yvlrKPvX6yP/s=",
        "owner": "antares0982",
        "repo": "antares-rpc-client",
        "rev": "8d41b4613243d73c63c3ee1cef979e9181ae6e1d",
        "type": "github"
      },
      "original": {
        "owner": "antares0982",
        "repo": "antares-rpc-client",
        "type": "github"
      }
    },
    "blobs": {
      "flake": false,
      "locked": {
        "lastModified": 1604995301,
        "narHash": "sha256-wcLzgLec6SGJA8fx1OEN1yV/Py5b+U5iyYpksUY/yLw=",
        "owner": "simple-nixos-mailserver",
        "repo": "blobs",
        "rev": "2cccdf1ca48316f2cfd1c9a0017e8de5a7156265",
        "type": "gitlab"
      },
      "original": {
        "owner": "simple-nixos-mailserver",
        "repo": "blobs",
        "type": "gitlab"
      }
    },
    "blog": {
      "inputs": {
        "diary": "diary",
        "nixpkgs": [
          "nixpkgs"
        ]
      },
      "locked": {
        "lastModified": 1787327375,
        "narHash": "sha256-ULQ/tGPgSLydNaHx2B34KNL91WiHih0Tqoqs7F/qWPs=",
        "owner": "Antares0982",
        "repo": "blog",
        "rev": "cece222ffcafbb83a6da258288adaf57a18b38e9",
        "type": "github"
      },
      "original": {
        "owner": "Antares0982",
        "repo": "blog",
        "type": "github"
      }
    },
    "darwin": {
      "inputs": {
        "nixpkgs": [
          "agenix",
          "nixpkgs"
        ]
      },
      "locked": {
        "lastModified": 1744478979,
        "narHash": "sha256-dyN+teG9G82G+m+PX/aSAagkC+vUv0SgUw3XkPhQodQ=",
        "owner": "lnl7",
        "repo": "nix-darwin",
        "rev": "43975d782b418ebf4969e9ccba82466728c2851b",
        "type": "github"
      },
      "original": {
        "owner": "lnl7",
        "ref": "master",
        "repo": "nix-darwin",
        "type": "github"
      }
    },
    "diary": {
      "flake": false,
      "locked": {
        "lastModified": 1769793441,
        "narHash": "sha256-+bvVXTArS3NmfhkQanCMxk6Ogjo5BfzHzDub4lGNuc8=",
        "owner": "AmazingRise",
        "repo": "hugo-theme-diary",
        "rev": "0d8afbaf3d6be6ae3b37c8f87cecf2946af5f8c1",
        "type": "github"
      },
      "original": {
        "owner": "AmazingRise",
        "repo": "hugo-theme-diary",
        "type": "github"
      }
    },
    "flake-compat": {
      "locked": {
        "lastModified": 1767039857,
        "narHash": "sha256-vNpUSpF5Nuw8xvDLj2KCwwksIbjua2LZCqhV1LNRDns=",
        "owner": "edolstra",
        "repo": "flake-compat",
        "rev": "5edf11c44bc78a0d334f6334cdaf7d60d732daab",
        "type": "github"
      },
      "original": {
        "owner": "edolstra",
        "repo": "flake-compat",
        "type": "github"
      }
    },
    "flake-parts": {
      "inputs": {
        "nixpkgs-lib": [
          "nixpkgs"
        ]
      },
      "locked": {
        "lastModified": 1785627969,
        "narHash": "sha256-4dtXQk/NMePegK/nWp5NSeuZKLATItOq61lpEvmXqGw=",
        "owner": "hercules-ci",
        "repo": "flake-parts",
        "rev": "427bf4bd9435fdf21321c8cc628c24efc14c0f7a",
        "type": "github"
      },
      "original": {
        "owner": "hercules-ci",
        "repo": "flake-parts",
        "type": "github"
      }
    },
    "git-hooks": {
      "inputs": {
        "flake-compat": [
          "flake-compat"
        ],
        "nixpkgs": [
          "nixpkgs"
        ]
      },
      "locked": {
        "lastModified": 1784288435,
        "narHash": "sha256-ReRHaLgr/uVqdD8afFSn+myXIfpHeOhP0yYe0TJqAA8=",
        "owner": "cachix",
        "repo": "git-hooks.nix",
        "rev": "43b3c1ab9d40fb1dbb008f451988a91e375825e9",
        "type": "github"
      },
      "original": {
        "owner": "cachix",
        "repo": "git-hooks.nix",
        "type": "github"
      }
    },
    "hermes-agent": {
      "inputs": {
        "flake-parts": [
          "flake-parts"
        ],
        "nixpkgs": [
          "nixpkgs"
        ],
        "npm-lockfile-fix": [
          "npm-lockfile-fix"
        ],
        "pyproject-build-systems": [
          "pyproject-build-systems"
        ],
        "pyproject-nix": [
          "pyproject-nix"
        ],
        "uv2nix": [
          "uv2nix"
        ]
      },
      "locked": {
        "lastModified": 1781884114,
        "narHash": "sha256-HBbbMKCLHoMKS51a9zD0i9Y43PWbXSBfQ24mRzc/eis=",
        "owner": "Antares0982",
        "repo": "hermes-agent",
        "rev": "c6a55fc076f96249eb939afd010e0d81cf571065",
        "type": "github"
      },
      "original": {
        "owner": "Antares0982",
        "ref": "antares",
        "repo": "hermes-agent",
        "type": "github"
      }
    },
    "hermes-agent-pwa": {
      "inputs": {
        "flake-parts": [
          "flake-parts"
        ],
        "nixpkgs": [
          "nixpkgs"
        ],
        "npm-lockfile-fix": [
          "npm-lockfile-fix"
        ],
        "pyproject-build-systems": [
          "pyproject-build-systems"
        ],
        "pyproject-nix": [
          "pyproject-nix"
        ],
        "uv2nix": [
          "uv2nix"
        ]
      },
      "locked": {
        "lastModified": 1781890164,
        "narHash": "sha256-GbDXoan25DdeYbX3gaZdXgLQQ0iHVSJDdigcqNkK5sE=",
        "owner": "Antares0982",
        "repo": "hermes-agent",
        "rev": "1b077ba6d41f264da8f4abbf7af6073ecf893565",
        "type": "github"
      },
      "original": {
        "owner": "Antares0982",
        "ref": "pwa",
        "repo": "hermes-agent",
        "type": "github"
      }
    },
    "home-manager": {
      "inputs": {
        "nixpkgs": [
          "nixpkgs"
        ]
      },
      "locked": {
        "lastModified": 1786999651,
        "narHash": "sha256-MTGMFlLDTklsXhCp4r5GXB4VAVadPdalXLvUjd/K7h0=",
        "owner": "nix-community",
        "repo": "home-manager",
        "rev": "353742587cbaf079b3caee743115d037bc51fea6",
        "type": "github"
      },
      "original": {
        "owner": "nix-community",
        "ref": "master",
        "repo": "home-manager",
        "type": "github"
      }
    },
    "myXray": {
      "inputs": {
        "nixpkgs": [
          "nixpkgs-old"
        ]
      },
      "locked": {
        "lastModified": 1787049283,
        "narHash": "sha256-DQwkTxVDr6llchs0r56AFLFxbklPWB++qn/kuo9c78Q=",
        "owner": "Antares0982",
        "repo": "rules-dat-xray-flake",
        "rev": "3f667080fff947dafb12eb060d9bd4ec7bd66271",
        "type": "github"
      },
      "original": {
        "owner": "Antares0982",
        "repo": "rules-dat-xray-flake",
        "type": "github"
      }
    },
    "nixos-mailserver": {
      "inputs": {
        "blobs": "blobs",
        "flake-compat": [
          "flake-compat"
        ],
        "git-hooks": [
          "git-hooks"
        ],
        "nixpkgs": [
          "nixpkgs"
        ]
      },
      "locked": {
        "lastModified": 1786567397,
        "narHash": "sha256-H713vbgy+n1asVNn/0kBwbFgroNgC1dnx8pEMKcFdgk=",
        "owner": "simple-nixos-mailserver",
        "repo": "nixos-mailserver",
        "rev": "e668474df221aeef1ebd374d0364aa07f1d4f827",
        "type": "gitlab"
      },
      "original": {
        "owner": "simple-nixos-mailserver",
        "ref": "main",
        "repo": "nixos-mailserver",
        "type": "gitlab"
      }
    },
    "nixpkgs": {
      "locked": {
        "lastModified": 1787001381,
        "narHash": "sha256-Ue1Yo8gfHdD4TMtNewhA4tkSYeFqXThju0nCyJc3ALo=",
        "owner": "NixOS",
        "repo": "nixpkgs",
        "rev": "ec2d622de0773551768cf98f3fc50cbcc003b9c5",
        "type": "github"
      },
      "original": {
        "owner": "NixOS",
        "ref": "nixos-unstable",
        "repo": "nixpkgs",
        "type": "github"
      }
    },
    "nixpkgs-old": {
      "locked": {
        "lastModified": 1786943417,
        "narHash": "sha256-b4qgjdFtlz5TAZ1Hi7DFJeqX3sjaDUnrwr9OO+O1rM0=",
        "owner": "NixOS",
        "repo": "nixpkgs",
        "rev": "0dd31db7e6dbf9ce05697c4545f6fe01accec994",
        "type": "github"
      },
      "original": {
        "owner": "NixOS",
        "ref": "nixos-26.05",
        "repo": "nixpkgs",
        "type": "github"
      }
    },
    "npm-lockfile-fix": {
      "inputs": {
        "nixpkgs": [
          "nixpkgs"
        ]
      },
      "locked": {
        "lastModified": 1775903712,
        "narHash": "sha256-2GV79U6iVH4gKAPWYrxUReB0S41ty/Y3dBLquU8AlaA=",
        "owner": "jeslie0",
        "repo": "npm-lockfile-fix",
        "rev": "c6093acb0c0548e0f9b8b3d82918823721930fe8",
        "type": "github"
      },
      "original": {
        "owner": "jeslie0",
        "repo": "npm-lockfile-fix",
        "type": "github"
      }
    },
    "pyproject-build-systems": {
      "inputs": {
        "nixpkgs": [
          "nixpkgs"
        ],
        "pyproject-nix": [
          "pyproject-nix"
        ],
        "uv2nix": [
          "uv2nix"
        ]
      },
      "locked": {
        "lastModified": 1786936886,
        "narHash": "sha256-8SFyOdmcG6Nsh/JzlH812lTI/v+ur06fpQhj/acNn8k=",
        "owner": "pyproject-nix",
        "repo": "build-system-pkgs",
        "rev": "90ffdeee1a4929b231913df067448cd9803d3e07",
        "type": "github"
      },
      "original": {
        "owner": "pyproject-nix",
        "repo": "build-system-pkgs",
        "type": "github"
      }
    },
    "pyproject-nix": {
      "inputs": {
        "nixpkgs": [
          "nixpkgs"
        ]
      },
      "locked": {
        "lastModified": 1786031528,
        "narHash": "sha256-cROiHKO3UbIKqF5FG5NikvydzlfIj4EcR1Cty9qOVt4=",
        "owner": "pyproject-nix",
        "repo": "pyproject.nix",
        "rev": "1b1485546d85f6f6c7aadb10c4923dbc09633263",
        "type": "github"
      },
      "original": {
        "owner": "pyproject-nix",
        "repo": "pyproject.nix",
        "type": "github"
      }
    },
    "renewal": {
      "inputs": {
        "nixpkgs": [
          "nixpkgs"
        ]
      },
      "locked": {
        "lastModified": 1784913649,
        "narHash": "sha256-CT1z0F7bP+jwQTEmGxuKM3JU0MCBSZMkB7HvkchBFUw=",
        "owner": "Antares0982",
        "repo": "renewal",
        "rev": "309f00642ef1f1b6e84033aa0417f265ee3cc543",
        "type": "github"
      },
      "original": {
        "owner": "Antares0982",
        "repo": "renewal",
        "type": "github"
      }
    },
    "root": {
      "inputs": {
        "agenix": "agenix",
        "antares-monitor": "antares-monitor",
        "antares-rpc-client": "antares-rpc-client",
        "blog": "blog",
        "flake-compat": "flake-compat",
        "flake-parts": "flake-parts",
        "git-hooks": "git-hooks",
        "hermes-agent": "hermes-agent",
        "hermes-agent-pwa": "hermes-agent-pwa",
        "home-manager": "home-manager",
        "myXray": "myXray",
        "nixos-mailserver": "nixos-mailserver",
        "nixpkgs": "nixpkgs",
        "nixpkgs-old": "nixpkgs-old",
        "npm-lockfile-fix": "npm-lockfile-fix",
        "pyproject-build-systems": "pyproject-build-systems",
        "pyproject-nix": "pyproject-nix",
        "renewal": "renewal",
        "uv2nix": "uv2nix",
        "visitor-badge": "visitor-badge"
      }
    },
    "systems": {
      "locked": {
        "lastModified": 1681028828,
        "narHash": "sha256-Vy1rq5AaRuLzOxct8nz4T6wlgyUR7zLU309k9mBC768=",
        "owner": "nix-systems",
        "repo": "default",
        "rev": "da67096a3b9bf56a91d16901293e51ba5b49a27e",
        "type": "github"
      },
      "original": {
        "owner": "nix-systems",
        "repo": "default",
        "type": "github"
      }
    },
    "uv2nix": {
      "inputs": {
        "nixpkgs": [
          "nixpkgs"
        ],
        "pyproject-nix": [
          "pyproject-nix"
        ]
      },
      "locked": {
        "lastModified": 1786615403,
        "narHash": "sha256-U++y7nM/6xiEcWI7q4fQoPZjPvRaTwkSqzBOVoEBjUE=",
        "owner": "pyproject-nix",
        "repo": "uv2nix",
        "rev": "4b59abb2ae1896d2a0e1abfc47fbc9bf985ea730",
        "type": "github"
      },
      "original": {
        "owner": "pyproject-nix",
        "repo": "uv2nix",
        "type": "github"
      }
    },
    "visitor-badge": {
      "inputs": {
        "nixpkgs": [
          "nixpkgs"
        ]
      },
      "locked": {
        "lastModified": 1772884886,
        "narHash": "sha256-PIRObB9brzv80UA+GbvN0G+QOb3ibLKbkl4PLfgNF+g=",
        "owner": "antares0982",
        "repo": "visitor-badge",
        "rev": "20595e903e6be37c389d296d589f0763d10a6ef1",
        "type": "github"
      },
      "original": {
        "owner": "antares0982",
        "repo": "visitor-badge",
        "type": "github"
      }
    }
  },
  "root": "root",
  "version": 7
}
